// !$*UTF8*$!
{
	archiveVersion = 1;
	classes = {
	};
	objectVersion = 46;
	objects = {

/* Begin PBXBuildFile section */
		732100171C69062A00D2D153 /* AppDelegate.swift in Sources */ = {isa = PBXBuildFile; fileRef = 732100161C69062A00D2D153 /* AppDelegate.swift */; };
		732100191C69062A00D2D153 /* ViewController.swift in Sources */ = {isa = PBXBuildFile; fileRef = 732100181C69062A00D2D153 /* ViewController.swift */; };
		7321001C1C69062A00D2D153 /* Main.storyboard in Resources */ = {isa = PBXBuildFile; fileRef = 7321001A1C69062A00D2D153 /* Main.storyboard */; };
		7321001F1C69062A00D2D153 /* santorini.xcdatamodeld in Sources */ = {isa = PBXBuildFile; fileRef = 7321001D1C69062A00D2D153 /* santorini.xcdatamodeld */; };
		732100211C69062A00D2D153 /* Assets.xcassets in Resources */ = {isa = PBXBuildFile; fileRef = 732100201C69062A00D2D153 /* Assets.xcassets */; };
		732100241C69062A00D2D153 /* LaunchScreen.storyboard in Resources */ = {isa = PBXBuildFile; fileRef = 732100221C69062A00D2D153 /* LaunchScreen.storyboard */; };
		7321002C1C691FAE00D2D153 /* AboutVC.swift in Sources */ = {isa = PBXBuildFile; fileRef = 7321002B1C691FAE00D2D153 /* AboutVC.swift */; };
		7321002E1C69207500D2D153 /* PhotosVC.swift in Sources */ = {isa = PBXBuildFile; fileRef = 7321002D1C69207500D2D153 /* PhotosVC.swift */; };
/* End PBXBuildFile section */

/* Begin PBXFileReference section */
		732100131C69062A00D2D153 /* santorini.app */ = {isa = PBXFileReference; explicitFileType = wrapper.application; includeInIndex = 0; path = santorini.app; sourceTree = BUILT_PRODUCTS_DIR; };
		732100161C69062A00D2D153 /* AppDelegate.swift */ = {isa = PBXFileReference; lastKnownFileType = sourcecode.swift; path = AppDelegate.swift; sourceTree = "<group>"; };
		732100181C69062A00D2D153 /* ViewController.swift */ = {isa = PBXFileReference; lastKnownFileType = sourcecode.swift; path = ViewController.swift; sourceTree = "<group>"; };
		7321001B1C69062A00D2D153 /* Base */ = {isa = PBXFileReference; lastKnownFileType = file.storyboard; name = Base; path = Base.lproj/Main.storyboard; sourceTree = "<group>"; };
		7321001E1C69062A00D2D153 /* santorini.xcdatamodel */ = {isa = PBXFileReference; lastKnownFileType = wrapper.xcdatamodel; path = santorini.xcdatamodel; sourceTree = "<group>"; };
		732100201C69062A00D2D153 /* Assets.xcassets */ = {isa = PBXFileReference; lastKnownFileType = folder.assetcatalog; path = Assets.xcassets; sourceTree = "<group>"; };
		732100231C69062A00D2D153 /* Base */ = {isa = PBXFileReference; lastKnownFileType = file.storyboard; name = Base; path = Base.lproj/LaunchScreen.storyboard; sourceTree = "<group>"; };
		732100251C69062A00D2D153 /* Info.plist */ = {isa = PBXFileReference; lastKnownFileType = text.plist.xml; path = Info.plist; sourceTree = "<group>"; };
		7321002B1C691FAE00D2D153 /* AboutVC.swift */ = {isa = PBXFileReference; fileEncoding = 4; lastKnownFileType = sourcecode.swift; path = AboutVC.swift; sourceTree = "<group>"; };
		7321002D1C69207500D2D153 /* PhotosVC.swift */ = {isa = PBXFileReference; fileEncoding = 4; lastKnownFileType = sourcecode.swift; path = PhotosVC.swift; sourceTree = "<group>"; };
/* End PBXFileReference section */

/* Begin PBXFrameworksBuildPhase section */
		732100101C69062900D2D153 /* Frameworks */ = {
			isa = PBXFrameworksBuildPhase;
			buildActionMask = 2147483647;
			files = (
			);
			runOnlyForDeploymentPostprocessing = 0;
		};
/* End PBXFrameworksBuildPhase section */

/* Begin PBXGroup section */
		7321000A1C69062900D2D153 = {
			isa = PBXGroup;
			children = (
				732100151C69062A00D2D153 /* santorini */,
				732100141C69062A00D2D153 /* Products */,
			);
			sourceTree = "<group>";
		};
		732100141C69062A00D2D153 /* Products */ = {
			isa = PBXGroup;
			children = (
				732100131C69062A00D2D153 /* santorini.app */,
			);
			name = Products;
			sourceTree = "<group>";
		};
		732100151C69062A00D2D153 /* santorini */ = {
			isa = PBXGroup;
			children = (
				732100161C69062A00D2D153 /* AppDelegate.swift */,
				732100181C69062A00D2D153 /* ViewController.swift */,
				7321001A1C69062A00D2D153 /* Main.storyboard */,
				732100201C69062A00D2D153 /* Assets.xcassets */,
				732100221C69062A00D2D153 /* LaunchScreen.storyboard */,
				732100251C69062A00D2D153 /* Info.plist */,
				7321001D1C69062A00D2D153 /* santorini.xcdatamodeld */,
				7321002B1C691FAE00D2D153 /* AboutVC.swift */,
				7321002D1C69207500D2D153 /* PhotosVC.swift */,
			);
			path = santorini;
			sourceTree = "<group>";
		};
/* End PBXGroup section */

/* Begin PBXNativeTarget section */
		732100121C69062900D2D153 /* santorini */ = {
			isa = PBXNativeTarget;
			buildConfigurationList = 732100281C69062A00D2D153 /* Build configuration list for PBXNativeTarget "santorini" */;
			buildPhases = (
				7321000F1C69062900D2D153 /* Sources */,
				732100101C69062900D2D153 /* Frameworks */,
				732100111C69062900D2D153 /* Resources */,
			);
			buildRules = (
			);
			dependencies = (
			);
			name = santorini;
			productName = santorini;
			productReference = 732100131C69062A00D2D153 /* santorini.app */;
			productType = "com.apple.product-type.application";
		};
/* End PBXNativeTarget section */

/* Begin PBXProject section */
		7321000B1C69062900D2D153 /* Project object */ = {
			isa = PBXProject;
			attributes = {
				LastSwiftUpdateCheck = 0720;
				LastUpgradeCheck = 0720;
				ORGANIZATIONNAME = "Dmitry Medvedev";
				TargetAttributes = {
					732100121C69062900D2D153 = {
						CreatedOnToolsVersion = 7.2;
						DevelopmentTeam = 29PFFY2HCF;
					};
				};
			};
			buildConfigurationList = 7321000E1C69062900D2D153 /* Build configuration list for PBXProject "santorini" */;
			compatibilityVersion = "Xcode 3.2";
			developmentRegion = English;
			hasScannedForEncodings = 0;
			knownRegions = (
				en,
				Base,
			);
			mainGroup = 7321000A1C69062900D2D153;
			productRefGroup = 732100141C69062A00D2D153 /* Products */;
			projectDirPath = "";
			projectRoot = "";
			targets = (
				732100121C69062900D2D153 /* santorini */,
			);
		};
/* End PBXProject section */

/* Begin PBXResourcesBuildPhase section */
		732100111C69062900D2D153 /* Resources */ = {
			isa = PBXResourcesBuildPhase;
			buildActionMask = 2147483647;
			files = (
				732100241C69062A00D2D153 /* LaunchScreen.storyboard in Resources */,
				732100211C69062A00D2D153 /* Assets.xcassets in Resources */,
				7321001C1C69062A00D2D153 /* Main.storyboard in Resources */,
			);
			runOnlyForDeploymentPostprocessing = 0;
		};
/* End PBXResourcesBuildPhase section */

/* Begin PBXSourcesBuildPhase section */
		7321000F1C69062900D2D153 /* Sources */ = {
			isa = PBXSourcesBuildPhase;
			buildActionMask = 2147483647;
			files = (
				7321002C1C691FAE00D2D153 /* AboutVC.swift in Sources */,
				7321001F1C69062A00D2D153 /* santorini.xcdatamodeld in Sources */,
				732100191C69062A00D2D153 /* ViewController.swift in Sources */,
				732100171C69062A00D2D153 /* AppDelegate.swift in Sources */,
				7321002E1C69207500D2D153 /* PhotosVC.swift in Sources */,
			);
			runOnlyForDeploymentPostprocessing = 0;
		};
/* End PBXSourcesBuildPhase section */

/* Begin PBXVariantGroup section */
		7321001A1C69062A00D2D153 /* Main.storyboard */ = {
			isa = PBXVariantGroup;
			children = (
				7321001B1C69062A00D2D153 /* Base */,
			);
			name = Main.storyboard;
			sourceTree = "<group>";
		};
		732100221C69062A00D2D153 /* LaunchScreen.storyboard */ = {
			isa = PBXVariantGroup;
			children = (
				732100231C69062A00D2D153 /* Base */,
			);
			name = LaunchScreen.storyboard;
			sourceTree = "<group>";
		};
/* End PBXVariantGroup section */

/* Begin XCBuildConfiguration section */
		732100261C69062A00D2D153 /* Debug */ = {
			isa = XCBuildConfiguration;
			buildSettings = {
				ALWAYS_SEARCH_USER_PATHS = NO;
				CLANG_CXX_LANGUAGE_STANDARD = "gnu++0x";
				CLANG_CXX_LIBRARY = "libc++";
				CLANG_ENABLE_MODULES = YES;
				CLANG_ENABLE_OBJC_ARC = YES;
				CLANG_WARN_BOOL_CONVERSION = YES;
				CLANG_WARN_CONSTANT_CONVERSION = YES;
				CLANG_WARN_DIRECT_OBJC_ISA_USAGE = YES_ERROR;
				CLANG_WARN_EMPTY_BODY = YES;
				CLANG_WARN_ENUM_CONVERSION = YES;
				CLANG_WARN_INT_CONVERSION = YES;
				CLANG_WARN_OBJC_ROOT_CLASS = YES_ERROR;
				CLANG_WARN_UNREACHABLE_CODE = YES;
				CLANG_WARN__DUPLICATE_METHOD_MATCH = YES;
				"CODE_SIGN_IDENTITY[sdk=iphoneos*]" = "iPhone Developer";
				COPY_PHASE_STRIP = NO;
				DEBUG_INFORMATION_FORMAT = dwarf;
				ENABLE_STRICT_OBJC_MSGSEND = YES;
				ENABLE_TESTABILITY = YES;
				GCC_C_LANGUAGE_STANDARD = gnu99;
				GCC_DYNAMIC_NO_PIC = NO;
				GCC_NO_COMMON_BLOCKS = YES;
				GCC_OPTIMIZATION_LEVEL = 0;
				GCC_PREPROCESSOR_DEFINITIONS = (
					"DEBUG=1",
					"$(inherited)",
				);
				GCC_WARN_64_TO_32_BIT_CONVERSION = YES;
				GCC_WARN_ABOUT_RETURN_TYPE = YES_ERROR;
				GCC_WARN_UNDECLARED_SELECTOR = YES;
				GCC_WARN_UNINITIALIZED_AUTOS = YES_AGGRESSIVE;
				GCC_WARN_UNUSED_FUNCTION = YES;
				GCC_WARN_UNUSED_VARIABLE = YES;
				IPHONEOS_DEPLOYMENT_TARGET = 9.2;
				MTL_ENABLE_DEBUG_INFO = YES;
				ONLY_ACTIVE_ARCH = YES;
				SDKROOT = iphoneos;
				SWIFT_OPTIMIZATION_LEVEL = "-Onone";
			};
			name = Debug;
		};
		732100271C69062A00D2D153 /* Release */ = {
			isa = XCBuildConfiguration;
			buildSettings = {
				ALWAYS_SEARCH_USER_PATHS = NO;
				CLANG_CXX_LANGUAGE_STANDARD = "gnu++0x";
				CLANG_CXX_LIBRARY = "libc++";
				CLANG_ENABLE_MODULES = YES;
				CLANG_ENABLE_OBJC_ARC = YES;
				CLANG_WARN_BOOL_CONVERSION = YES;
				CLANG_WARN_CONSTANT_CONVERSION = YES;
				CLANG_WARN_DIRECT_OBJC_ISA_USAGE = YES_ERROR;
				CLANG_WARN_EMPTY_BODY = YES;
				CLANG_WARN_ENUM_CONVERSION = YES;
				CLANG_WARN_INT_CONVERSION = YES;
				CLANG_WARN_OBJC_ROOT_CLASS = YES_ERROR;
				CLANG_WARN_UNREACHABLE_CODE = YES;
				CLANG_WARN__DUPLICATE_METHOD_MATCH = YES;
				"CODE_SIGN_IDENTITY[sdk=iphoneos*]" = "iPhone Developer";
				COPY_PHASE_STRIP = NO;
				DEBUG_INFORMATION_FORMAT = "dwarf-with-dsym";
				ENABLE_NS_ASSERTIONS = NO;
				ENABLE_STRICT_OBJC_MSGSEND = YES;
				GCC_C_LANGUAGE_STANDARD = gnu99;
				GCC_NO_COMMON_BLOCKS = YES;
				GCC_WARN_64_TO_32_BIT_CONVERSION = YES;
				GCC_WARN_ABOUT_RETURN_TYPE = YES_ERROR;
				GCC_WARN_UNDECLARED_SELECTOR = YES;
				GCC_WARN_UNINITIALIZED_AUTOS = YES_AGGRESSIVE;
				GCC_WARN_UNUSED_FUNCTION = YES;
				GCC_WARN_UNUSED_VARIABLE = YES;
				IPHONEOS_DEPLOYMENT_TARGET = 9.2;
				MTL_ENABLE_DEBUG_INFO = NO;
				SDKROOT = iphoneos;
				VALIDATE_PRODUCT = YES;
			};
			name = Release;
		};
		732100291C69062A00D2D153 /* Debug */ = {
			isa = XCBuildConfiguration;
			buildSettings = {
				ASSETCATALOG_COMPILER_APPICON_NAME = AppIcon;
				INFOPLIST_FILE = santorini/Info.plist;
				LD_RUNPATH_SEARCH_PATHS = "$(inherited) @executable_path/Frameworks";
				PRODUCT_BUNDLE_IDENTIFIER = com.devslopes.santorini;
				PRODUCT_NAME = "$(TARGET_NAME)";
			};
			name = Debug;
		};
		7321002A1C69062A00D2D153 /* Release */ = {
			isa = XCBuildConfiguration;
			buildSettings = {
				ASSETCATALOG_COMPILER_APPICON_NAME = AppIcon;
				INFOPLIST_FILE = santorini/Info.plist;
				LD_RUNPATH_SEARCH_PATHS = "$(inherited) @executable_path/Frameworks";
				PRODUCT_BUNDLE_IDENTIFIER = com.devslopes.santorini;
				PRODUCT_NAME = "$(TARGET_NAME)";
			};
			name = Release;
		};
/* End XCBuildConfiguration section */

/* Begin XCConfigurationList section */
		7321000E1C69062900D2D153 /* Build configuration list for PBXProject "santorini" */ = {
			isa = XCConfigurationList;
			buildConfigurations = (
				732100261C69062A00D2D153 /* Debug */,
				732100271C69062A00D2D153 /* Release */,
			);
			defaultConfigurationIsVisible = 0;
			defaultConfigurationName = Release;
		};
		732100281C69062A00D2D153 /* Build configuration list for PBXNativeTarget "santorini" */ = {
			isa = XCConfigurationList;
			buildConfigurations = (
				732100291C69062A00D2D153 /* Debug */,
				7321002A1C69062A00D2D153 /* Release */,
			);
			defaultConfigurationIsVisible = 0;
		};
/* End XCConfigurationList section */

/* Begin XCVersionGroup section */
		7321001D1C69062A00D2D153 /* santorini.xcdatamodeld */ = {
			isa = XCVersionGroup;
			children = (
				7321001E1C69062A00D2D153 /* santorini.xcdatamodel */,
			);
			currentVersion = 7321001E1C69062A00D2D153 /* santorini.xcdatamodel */;
			path = santorini.xcdatamodeld;
			sourceTree = "<group>";
			versionGroupType = wrapper.xcdatamodel;
		};
/* End XCVersionGroup section */
	};
	rootObject = 7321000B1C69062900D2D153 /* Project object */;
}
